DEPENDENCIES
  aws
  nginx (~> 8.1.2)
  nvm (~> 0.1.7)
  sc-mongodb (~> 1.0.1)
  serverbase
    path: .
    metadata: true
  swap

GRAPH
  apt (6.1.4)
  aws (7.3.1)
  build-essential (8.1.1)
    mingw (>= 1.1)
    seven_zip (>= 0.0.0)
  git (9.0.0)
    build-essential (>= 5.0.0)
  mingw (2.0.2)
    seven_zip (>= 0.0.0)
  nginx (8.1.2)
    build-essential (>= 0.0.0)
    ohai (>= 4.1.0)
    yum-epel (>= 0.0.0)
    zypper (>= 0.0.0)
  nvm (0.1.7)
    build-essential (>= 0.0.0)
    git (>= 0.0.0)
  ohai (5.2.2)
  sc-mongodb (1.0.1)
    apt (>= 1.8.2)
    build-essential (>= 5.0.0)
    yum (>= 3.0)
  serverbase (0.1.0)
    aws (>= 0.0.0)
    nginx (~> 8.1.2)
    nvm (~> 0.1.7)
    sc-mongodb (~> 1.0.1)
    swap (>= 0.0.0)
  seven_zip (2.0.2)
    windows (>= 1.2.2)
  swap (2.2.1)
    sysctl (>= 1.0)
  sysctl (1.0.3)
    ohai (>= 5.0)
  windows (4.1.4)
  yum (5.1.0)
  yum-epel (3.1.0)
  zypper (0.4.0)
